// !$*UTF8*$!
{
	archiveVersion = 1;
	classes = {
	};
	objectVersion = 48;
	objects = {

/* Begin PBXBuildFile section */
		6BB7F099224D616D00B93B9B /* AppDelegate.swift in Sources */ = {isa = PBXBuildFile; fileRef = 6BB7F098224D616D00B93B9B /* AppDelegate.swift */; };
		6BB7F09B224D616D00B93B9B /* ViewController.swift in Sources */ = {isa = PBXBuildFile; fileRef = 6BB7F09A224D616D00B93B9B /* ViewController.swift */; };
		6BB7F09E224D616D00B93B9B /* Main.storyboard in Resources */ = {isa = PBXBuildFile; fileRef = 6BB7F09C224D616D00B93B9B /* Main.storyboard */; };
		6BB7F0A1224D616D00B93B9B /* MyNotesApp.xcdatamodeld in Sources */ = {isa = PBXBuildFile; fileRef = 6BB7F09F224D616D00B93B9B /* MyNotesApp.xcdatamodeld */; };
		6BB7F0A3224D616D00B93B9B /* Assets.xcassets in Resources */ = {isa = PBXBuildFile; fileRef = 6BB7F0A2224D616D00B93B9B /* Assets.xcassets */; };
		6BB7F0A6224D616D00B93B9B /* LaunchScreen.storyboard in Resources */ = {isa = PBXBuildFile; fileRef = 6BB7F0A4224D616D00B93B9B /* LaunchScreen.storyboard */; };
		6BB7F0AE224D6B8300B93B9B /* VCListNotes.swift in Sources */ = {isa = PBXBuildFile; fileRef = 6BB7F0AD224D6B8300B93B9B /* VCListNotes.swift */; };
		6BB7F0B0224D6F7D00B93B9B /* TVCNotes.swift in Sources */ = {isa = PBXBuildFile; fileRef = 6BB7F0AF224D6F7D00B93B9B /* TVCNotes.swift */; };
/* End PBXBuildFile section */

/* Begin PBXFileReference section */
		6BB7F095224D616D00B93B9B /* MyNotesApp.app */ = {isa = PBXFileReference; explicitFileType = wrapper.application; includeInIndex = 0; path = MyNotesApp.app; sourceTree = BUILT_PRODUCTS_DIR; };
		6BB7F098224D616D00B93B9B /* AppDelegate.swift */ = {isa = PBXFileReference; lastKnownFileType = sourcecode.swift; path = AppDelegate.swift; sourceTree = "<group>"; };
		6BB7F09A224D616D00B93B9B /* ViewController.swift */ = {isa = PBXFileReference; lastKnownFileType = sourcecode.swift; path = ViewController.swift; sourceTree = "<group>"; };
		6BB7F09D224D616D00B93B9B /* Base */ = {isa = PBXFileReference; lastKnownFileType = file.storyboard; name = Base; path = Base.lproj/Main.storyboard; sourceTree = "<group>"; };
		6BB7F0A0224D616D00B93B9B /* MyNotesApp.xcdatamodel */ = {isa = PBXFileReference; lastKnownFileType = wrapper.xcdatamodel; path = MyNotesApp.xcdatamodel; sourceTree = "<group>"; };
		6BB7F0A2224D616D00B93B9B /* Assets.xcassets */ = {isa = PBXFileReference; lastKnownFileType = folder.assetcatalog; path = Assets.xcassets; sourceTree = "<group>"; };
		6BB7F0A5224D616D00B93B9B /* Base */ = {isa = PBXFileReference; lastKnownFileType = file.storyboard; name = Base; path = Base.lproj/LaunchScreen.storyboard; sourceTree = "<group>"; };
		6BB7F0A7224D616D00B93B9B /* Info.plist */ = {isa = PBXFileReference; lastKnownFileType = text.plist.xml; path = Info.plist; sourceTree = "<group>"; };
		6BB7F0AD224D6B8300B93B9B /* VCListNotes.swift */ = {isa = PBXFileReference; lastKnownFileType = sourcecode.swift; path = VCListNotes.swift; sourceTree = "<group>"; };
		6BB7F0AF224D6F7D00B93B9B /* TVCNotes.swift */ = {isa = PBXFileReference; lastKnownFileType = sourcecode.swift; path = TVCNotes.swift; sourceTree = "<group>"; };
/* End PBXFileReference section */

/* Begin PBXFrameworksBuildPhase section */
		6BB7F092224D616D00B93B9B /* Frameworks */ = {
			isa = PBXFrameworksBuildPhase;
			buildActionMask = 2147483647;
			files = (
			);
			runOnlyForDeploymentPostprocessing = 0;
		};
/* End PBXFrameworksBuildPhase section */

/* Begin PBXGroup section */
		6BB7F08C224D616D00B93B9B = {
			isa = PBXGroup;
			children = (
				6BB7F097224D616D00B93B9B /* MyNotesApp */,
				6BB7F096224D616D00B93B9B /* Products */,
			);
			sourceTree = "<group>";
		};
		6BB7F096224D616D00B93B9B /* Products */ = {
			isa = PBXGroup;
			children = (
				6BB7F095224D616D00B93B9B /* MyNotesApp.app */,
			);
			name = Products;
			sourceTree = "<group>";
		};
		6BB7F097224D616D00B93B9B /* MyNotesApp */ = {
			isa = PBXGroup;
			children = (
				6BB7F098224D616D00B93B9B /* AppDelegate.swift */,
				6BB7F09A224D616D00B93B9B /* ViewController.swift */,
				6BB7F09C224D616D00B93B9B /* Main.storyboard */,
				6BB7F0AF224D6F7D00B93B9B /* TVCNotes.swift */,
				6BB7F0AD224D6B8300B93B9B /* VCListNotes.swift */,
				6BB7F0A2224D616D00B93B9B /* Assets.xcassets */,
				6BB7F0A4224D616D00B93B9B /* LaunchScreen.storyboard */,
				6BB7F0A7224D616D00B93B9B /* Info.plist */,
				6BB7F09F224D616D00B93B9B /* MyNotesApp.xcdatamodeld */,
			);
			path = MyNotesApp;
			sourceTree = "<group>";
		};
/* End PBXGroup section */

/* Begin PBXNativeTarget section */
		6BB7F094224D616D00B93B9B /* MyNotesApp */ = {
			isa = PBXNativeTarget;
			buildConfigurationList = 6BB7F0AA224D616D00B93B9B /* Build configuration list for PBXNativeTarget "MyNotesApp" */;
			buildPhases = (
				6BB7F091224D616D00B93B9B /* Sources */,
				6BB7F092224D616D00B93B9B /* Frameworks */,
				6BB7F093224D616D00B93B9B /* Resources */,
			);
			buildRules = (
			);
			dependencies = (
			);
			name = MyNotesApp;
			productName = MyNotesApp;
			productReference = 6BB7F095224D616D00B93B9B /* MyNotesApp.app */;
			productType = "com.apple.product-type.application";
		};
/* End PBXNativeTarget section */

/* Begin PBXProject section */
		6BB7F08D224D616D00B93B9B /* Project object */ = {
			isa = PBXProject;
			attributes = {
				LastSwiftUpdateCheck = 0900;
				LastUpgradeCheck = 0900;
				ORGANIZATIONNAME = kast;
				TargetAttributes = {
					6BB7F094224D616D00B93B9B = {
						CreatedOnToolsVersion = 9.0;
						ProvisioningStyle = Automatic;
					};
				};
			};
			buildConfigurationList = 6BB7F090224D616D00B93B9B /* Build configuration list for PBXProject "MyNotesApp" */;
			compatibilityVersion = "Xcode 8.0";
			developmentRegion = en;
			hasScannedForEncodings = 0;
			knownRegions = (
				en,
				Base,
			);
			mainGroup = 6BB7F08C224D616D00B93B9B;
			productRefGroup = 6BB7F096224D616D00B93B9B /* Products */;
			projectDirPath = "";
			projectRoot = "";
			targets = (
				6BB7F094224D616D00B93B9B /* MyNotesApp */,
			);
		};
/* End PBXProject section */

/* Begin PBXResourcesBuildPhase section */
		6BB7F093224D616D00B93B9B /* Resources */ = {
			isa = PBXResourcesBuildPhase;
			buildActionMask = 2147483647;
			files = (
				6BB7F0A6224D616D00B93B9B /* LaunchScreen.storyboard in Resources */,
				6BB7F0A3224D616D00B93B9B /* Assets.xcassets in Resources */,
				6BB7F09E224D616D00B93B9B /* Main.storyboard in Resources */,
			);
			runOnlyForDeploymentPostprocessing = 0;
		};
/* End PBXResourcesBuildPhase section */

/* Begin PBXSourcesBuildPhase section */
		6BB7F091224D616D00B93B9B /* Sources */ = {
			isa = PBXSourcesBuildPhase;
			buildActionMask = 2147483647;
			files = (
				6BB7F09B224D616D00B93B9B /* ViewController.swift in Sources */,
				6BB7F0A1224D616D00B93B9B /* MyNotesApp.xcdatamodeld in Sources */,
				6BB7F0AE224D6B8300B93B9B /* VCListNotes.swift in Sources */,
				6BB7F099224D616D00B93B9B /* AppDelegate.swift in Sources */,
				6BB7F0B0224D6F7D00B93B9B /* TVCNotes.swift in Sources */,
			);
			runOnlyForDeploymentPostprocessing = 0;
		};
/* End PBXSourcesBuildPhase section */

/* Begin PBXVariantGroup section */
		6BB7F09C224D616D00B93B9B /* Main.storyboard */ = {
			isa = PBXVariantGroup;
			children = (
				6BB7F09D224D616D00B93B9B /* Base */,
			);
			name = Main.storyboard;
			sourceTree = "<group>";
		};
		6BB7F0A4224D616D00B93B9B /* LaunchScreen.storyboard */ = {
			isa = PBXVariantGroup;
			children = (
				6BB7F0A5224D616D00B93B9B /* Base */,
			);
			name = LaunchScreen.storyboard;
			sourceTree = "<group>";
		};
/* End PBXVariantGroup section */

/* Begin XCBuildConfiguration section */
		6BB7F0A8224D616D00B93B9B /* Debug */ = {
			isa = XCBuildConfiguration;
			buildSettings = {
				ALWAYS_SEARCH_USER_PATHS = NO;
				CLANG_ANALYZER_NONNULL = YES;
				CLANG_ANALYZER_NUMBER_OBJECT_CONVERSION = YES_AGGRESSIVE;
				CLANG_CXX_LANGUAGE_STANDARD = "gnu++14";
				CLANG_CXX_LIBRARY = "libc++";
				CLANG_ENABLE_MODULES = YES;
				CLANG_ENABLE_OBJC_ARC = YES;
				CLANG_WARN_BLOCK_CAPTURE_AUTORELEASING = YES;
				CLANG_WARN_BOOL_CONVERSION = YES;
				CLANG_WARN_COMMA = YES;
				CLANG_WARN_CONSTANT_CONVERSION = YES;
				CLANG_WARN_DIRECT_OBJC_ISA_USAGE = YES_ERROR;
				CLANG_WARN_DOCUMENTATION_COMMENTS = YES;
				CLANG_WARN_EMPTY_BODY = YES;
				CLANG_WARN_ENUM_CONVERSION = YES;
				CLANG_WARN_INFINITE_RECURSION = YES;
				CLANG_WARN_INT_CONVERSION = YES;
				CLANG_WARN_NON_LITERAL_NULL_CONVERSION = YES;
				CLANG_WARN_OBJC_LITERAL_CONVERSION = YES;
				CLANG_WARN_OBJC_ROOT_CLASS = YES_ERROR;
				CLANG_WARN_RANGE_LOOP_ANALYSIS = YES;
				CLANG_WARN_STRICT_PROTOTYPES = YES;
				CLANG_WARN_SUSPICIOUS_MOVE = YES;
				CLANG_WARN_UNGUARDED_AVAILABILITY = YES_AGGRESSIVE;
				CLANG_WARN_UNREACHABLE_CODE = YES;
				CLANG_WARN__DUPLICATE_METHOD_MATCH = YES;
				CODE_SIGN_IDENTITY = "iPhone Developer";
				COPY_PHASE_STRIP = NO;
				DEBUG_INFORMATION_FORMAT = dwarf;
				ENABLE_STRICT_OBJC_MSGSEND = YES;
				ENABLE_TESTABILITY = YES;
				GCC_C_LANGUAGE_STANDARD = gnu11;
				GCC_DYNAMIC_NO_PIC = NO;
				GCC_NO_COMMON_BLOCKS = YES;
				GCC_OPTIMIZATION_LEVEL = 0;
				GCC_PREPROCESSOR_DEFINITIONS = (
					"DEBUG=1",
					"$(inherited)",
				);
				GCC_WARN_64_TO_32_BIT_CONVERSION = YES;
				GCC_WARN_ABOUT_RETURN_TYPE = YES_ERROR;
				GCC_WARN_UNDECLARED_SELECTOR = YES;
				GCC_WARN_UNINITIALIZED_AUTOS = YES_AGGRESSIVE;
				GCC_WARN_UNUSED_FUNCTION = YES;
				GCC_WARN_UNUSED_VARIABLE = YES;
				IPHONEOS_DEPLOYMENT_TARGET = 11.0;
				MTL_ENABLE_DEBUG_INFO = YES;
				ONLY_ACTIVE_ARCH = YES;
				SDKROOT = iphoneos;
				SWIFT_ACTIVE_COMPILATION_CONDITIONS = DEBUG;
				SWIFT_OPTIMIZATION_LEVEL = "-Onone";
			};
			name = Debug;
		};
		6BB7F0A9224D616D00B93B9B /* Release */ = {
			isa = XCBuildConfiguration;
			buildSettings = {
				ALWAYS_SEARCH_USER_PATHS = NO;
				CLANG_ANALYZER_NONNULL = YES;
				CLANG_ANALYZER_NUMBER_OBJECT_CONVERSION = YES_AGGRESSIVE;
				CLANG_CXX_LANGUAGE_STANDARD = "gnu++14";
				CLANG_CXX_LIBRARY = "libc++";
				CLANG_ENABLE_MODULES = YES;
				CLANG_ENABLE_OBJC_ARC = YES;
				CLANG_WARN_BLOCK_CAPTURE_AUTORELEASING = YES;
				CLANG_WARN_BOOL_CONVERSION = YES;
				CLANG_WARN_COMMA = YES;
				CLANG_WARN_CONSTANT_CONVERSION = YES;
				CLANG_WARN_DIRECT_OBJC_ISA_USAGE = YES_ERROR;
				CLANG_WARN_DOCUMENTATION_COMMENTS = YES;
				CLANG_WARN_EMPTY_BODY = YES;
				CLANG_WARN_ENUM_CONVERSION = YES;
				CLANG_WARN_INFINITE_RECURSION = YES;
				CLANG_WARN_INT_CONVERSION = YES;
				CLANG_WARN_NON_LITERAL_NULL_CONVERSION = YES;
				CLANG_WARN_OBJC_LITERAL_CONVERSION = YES;
				CLANG_WARN_OBJC_ROOT_CLASS = YES_ERROR;
				CLANG_WARN_RANGE_LOOP_ANALYSIS = YES;
				CLANG_WARN_STRICT_PROTOTYPES = YES;
				CLANG_WARN_SUSPICIOUS_MOVE = YES;
				CLANG_WARN_UNGUARDED_AVAILABILITY = YES_AGGRESSIVE;
				CLANG_WARN_UNREACHABLE_CODE = YES;
				CLANG_WARN__DUPLICATE_METHOD_MATCH = YES;
				CODE_SIGN_IDENTITY = "iPhone Developer";
				COPY_PHASE_STRIP = NO;
				DEBUG_INFORMATION_FORMAT = "dwarf-with-dsym";
				ENABLE_NS_ASSERTIONS = NO;
				ENABLE_STRICT_OBJC_MSGSEND = YES;
				GCC_C_LANGUAGE_STANDARD = gnu11;
				GCC_NO_COMMON_BLOCKS = YES;
				GCC_WARN_64_TO_32_BIT_CONVERSION = YES;
				GCC_WARN_ABOUT_RETURN_TYPE = YES_ERROR;
				GCC_WARN_UNDECLARED_SELECTOR = YES;
				GCC_WARN_UNINITIALIZED_AUTOS = YES_AGGRESSIVE;
				GCC_WARN_UNUSED_FUNCTION = YES;
				GCC_WARN_UNUSED_VARIABLE = YES;
				IPHONEOS_DEPLOYMENT_TARGET = 11.0;
				MTL_ENABLE_DEBUG_INFO = NO;
				SDKROOT = iphoneos;
				SWIFT_OPTIMIZATION_LEVEL = "-Owholemodule";
				VALIDATE_PRODUCT = YES;
			};
			name = Release;
		};
		6BB7F0AB224D616D00B93B9B /* Debug */ = {
			isa = XCBuildConfiguration;
			buildSettings = {
				ASSETCATALOG_COMPILER_APPICON_NAME = AppIcon;
				CODE_SIGN_STYLE = Automatic;
				INFOPLIST_FILE = MyNotesApp/Info.plist;
				LD_RUNPATH_SEARCH_PATHS = "$(inherited) @executable_path/Frameworks";
				PRODUCT_BUNDLE_IDENTIFIER = utng.edu.mx.MyNotesApp;
				PRODUCT_NAME = "$(TARGET_NAME)";
				SWIFT_VERSION = 4.0;
				TARGETED_DEVICE_FAMILY = "1,2";
			};
			name = Debug;
		};
		6BB7F0AC224D616D00B93B9B /* Release */ = {
			isa = XCBuildConfiguration;
			buildSettings = {
				ASSETCATALOG_COMPILER_APPICON_NAME = AppIcon;
				CODE_SIGN_STYLE = Automatic;
				INFOPLIST_FILE = MyNotesApp/Info.plist;
				LD_RUNPATH_SEARCH_PATHS = "$(inherited) @executable_path/Frameworks";
				PRODUCT_BUNDLE_IDENTIFIER = utng.edu.mx.MyNotesApp;
				PRODUCT_NAME = "$(TARGET_NAME)";
				SWIFT_VERSION = 4.0;
				TARGETED_DEVICE_FAMILY = "1,2";
			};
			name = Release;
		};
/* End XCBuildConfiguration section */

/* Begin XCConfigurationList section */
		6BB7F090224D616D00B93B9B /* Build configuration list for PBXProject "MyNotesApp" */ = {
			isa = XCConfigurationList;
			buildConfigurations = (
				6BB7F0A8224D616D00B93B9B /* Debug */,
				6BB7F0A9224D616D00B93B9B /* Release */,
			);
			defaultConfigurationIsVisible = 0;
			defaultConfigurationName = Release;
		};
		6BB7F0AA224D616D00B93B9B /* Build configuration list for PBXNativeTarget "MyNotesApp" */ = {
			isa = XCConfigurationList;
			buildConfigurations = (
				6BB7F0AB224D616D00B93B9B /* Debug */,
				6BB7F0AC224D616D00B93B9B /* Release */,
			);
			defaultConfigurationIsVisible = 0;
			defaultConfigurationName = Release;
		};
/* End XCConfigurationList section */

/* Begin XCVersionGroup section */
		6BB7F09F224D616D00B93B9B /* MyNotesApp.xcdatamodeld */ = {
			isa = XCVersionGroup;
			children = (
				6BB7F0A0224D616D00B93B9B /* MyNotesApp.xcdatamodel */,
			);
			currentVersion = 6BB7F0A0224D616D00B93B9B /* MyNotesApp.xcdatamodel */;
			path = MyNotesApp.xcdatamodeld;
			sourceTree = "<group>";
			versionGroupType = wrapper.xcdatamodel;
		};
/* End XCVersionGroup section */
	};
	rootObject = 6BB7F08D224D616D00B93B9B /* Project object */;
}
