// !$*UTF8*$!
{
	archiveVersion = 1;
	classes = {
	};
	objectVersion = 48;
	objects = {

/* Begin PBXBuildFile section */
		232ABA1A223351DC000B948F /* Pokemon.swift in Sources */ = {isa = PBXBuildFile; fileRef = 232ABA19223351DC000B948F /* Pokemon.swift */; };
		235F14FE222A1D1500AAA788 /* AppDelegate.swift in Sources */ = {isa = PBXBuildFile; fileRef = 235F14FD222A1D1500AAA788 /* AppDelegate.swift */; };
		235F1500222A1D1500AAA788 /* ViewController.swift in Sources */ = {isa = PBXBuildFile; fileRef = 235F14FF222A1D1500AAA788 /* ViewController.swift */; };
		235F1503222A1D1500AAA788 /* Main.storyboard in Resources */ = {isa = PBXBuildFile; fileRef = 235F1501222A1D1500AAA788 /* Main.storyboard */; };
		235F1505222A1D1500AAA788 /* Assets.xcassets in Resources */ = {isa = PBXBuildFile; fileRef = 235F1504222A1D1500AAA788 /* Assets.xcassets */; };
		235F1508222A1D1500AAA788 /* LaunchScreen.storyboard in Resources */ = {isa = PBXBuildFile; fileRef = 235F1506222A1D1500AAA788 /* LaunchScreen.storyboard */; };
		BC28EE5A0E0F2F0F6F1AC7F0 /* Pods_PockemonV.framework in Frameworks */ = {isa = PBXBuildFile; fileRef = E740249B5BF36B612918C4B2 /* Pods_PockemonV.framework */; };
/* End PBXBuildFile section */

/* Begin PBXFileReference section */
		0FDFCE683307F48E0EE9CBEB /* Pods-PockemonV.debug.xcconfig */ = {isa = PBXFileReference; includeInIndex = 1; lastKnownFileType = text.xcconfig; name = "Pods-PockemonV.debug.xcconfig"; path = "Target Support Files/Pods-PockemonV/Pods-PockemonV.debug.xcconfig"; sourceTree = "<group>"; };
		232ABA19223351DC000B948F /* Pokemon.swift */ = {isa = PBXFileReference; lastKnownFileType = sourcecode.swift; path = Pokemon.swift; sourceTree = "<group>"; };
		235F14FA222A1D1400AAA788 /* PockemonV.app */ = {isa = PBXFileReference; explicitFileType = wrapper.application; includeInIndex = 0; path = PockemonV.app; sourceTree = BUILT_PRODUCTS_DIR; };
		235F14FD222A1D1500AAA788 /* AppDelegate.swift */ = {isa = PBXFileReference; lastKnownFileType = sourcecode.swift; path = AppDelegate.swift; sourceTree = "<group>"; };
		235F14FF222A1D1500AAA788 /* ViewController.swift */ = {isa = PBXFileReference; lastKnownFileType = sourcecode.swift; path = ViewController.swift; sourceTree = "<group>"; };
		235F1502222A1D1500AAA788 /* Base */ = {isa = PBXFileReference; lastKnownFileType = file.storyboard; name = Base; path = Base.lproj/Main.storyboard; sourceTree = "<group>"; };
		235F1504222A1D1500AAA788 /* Assets.xcassets */ = {isa = PBXFileReference; lastKnownFileType = folder.assetcatalog; path = Assets.xcassets; sourceTree = "<group>"; };
		235F1507222A1D1500AAA788 /* Base */ = {isa = PBXFileReference; lastKnownFileType = file.storyboard; name = Base; path = Base.lproj/LaunchScreen.storyboard; sourceTree = "<group>"; };
		235F1509222A1D1500AAA788 /* Info.plist */ = {isa = PBXFileReference; lastKnownFileType = text.plist.xml; path = Info.plist; sourceTree = "<group>"; };
		770829A526D48C0C8B7080B6 /* Pods-PockemonV.release.xcconfig */ = {isa = PBXFileReference; includeInIndex = 1; lastKnownFileType = text.xcconfig; name = "Pods-PockemonV.release.xcconfig"; path = "Target Support Files/Pods-PockemonV/Pods-PockemonV.release.xcconfig"; sourceTree = "<group>"; };
		E740249B5BF36B612918C4B2 /* Pods_PockemonV.framework */ = {isa = PBXFileReference; explicitFileType = wrapper.framework; includeInIndex = 0; path = Pods_PockemonV.framework; sourceTree = BUILT_PRODUCTS_DIR; };
/* End PBXFileReference section */

/* Begin PBXFrameworksBuildPhase section */
		235F14F7222A1D1400AAA788 /* Frameworks */ = {
			isa = PBXFrameworksBuildPhase;
			buildActionMask = 2147483647;
			files = (
				BC28EE5A0E0F2F0F6F1AC7F0 /* Pods_PockemonV.framework in Frameworks */,
			);
			runOnlyForDeploymentPostprocessing = 0;
		};
/* End PBXFrameworksBuildPhase section */

/* Begin PBXGroup section */
		235F14F1222A1D1400AAA788 = {
			isa = PBXGroup;
			children = (
				235F14FC222A1D1400AAA788 /* PockemonV */,
				235F14FB222A1D1400AAA788 /* Products */,
				3AD4F86C1DB0ACC0394A06C9 /* Pods */,
				69DF759DC737AE9A7F2305CA /* Frameworks */,
			);
			sourceTree = "<group>";
		};
		235F14FB222A1D1400AAA788 /* Products */ = {
			isa = PBXGroup;
			children = (
				235F14FA222A1D1400AAA788 /* PockemonV.app */,
			);
			name = Products;
			sourceTree = "<group>";
		};
		235F14FC222A1D1400AAA788 /* PockemonV */ = {
			isa = PBXGroup;
			children = (
				235F14FD222A1D1500AAA788 /* AppDelegate.swift */,
				235F14FF222A1D1500AAA788 /* ViewController.swift */,
				235F1501222A1D1500AAA788 /* Main.storyboard */,
				235F1504222A1D1500AAA788 /* Assets.xcassets */,
				235F1506222A1D1500AAA788 /* LaunchScreen.storyboard */,
				235F1509222A1D1500AAA788 /* Info.plist */,
				232ABA19223351DC000B948F /* Pokemon.swift */,
			);
			path = PockemonV;
			sourceTree = "<group>";
		};
		3AD4F86C1DB0ACC0394A06C9 /* Pods */ = {
			isa = PBXGroup;
			children = (
				0FDFCE683307F48E0EE9CBEB /* Pods-PockemonV.debug.xcconfig */,
				770829A526D48C0C8B7080B6 /* Pods-PockemonV.release.xcconfig */,
			);
			path = Pods;
			sourceTree = "<group>";
		};
		69DF759DC737AE9A7F2305CA /* Frameworks */ = {
			isa = PBXGroup;
			children = (
				E740249B5BF36B612918C4B2 /* Pods_PockemonV.framework */,
			);
			name = Frameworks;
			sourceTree = "<group>";
		};
/* End PBXGroup section */

/* Begin PBXNativeTarget section */
		235F14F9222A1D1400AAA788 /* PockemonV */ = {
			isa = PBXNativeTarget;
			buildConfigurationList = 235F150C222A1D1500AAA788 /* Build configuration list for PBXNativeTarget "PockemonV" */;
			buildPhases = (
				8E621D51BB5800CE81842C8E /* [CP] Check Pods Manifest.lock */,
				235F14F6222A1D1400AAA788 /* Sources */,
				235F14F7222A1D1400AAA788 /* Frameworks */,
				235F14F8222A1D1400AAA788 /* Resources */,
				08991B1E5D84F5B23DE721A3 /* [CP] Copy Pods Resources */,
			);
			buildRules = (
			);
			dependencies = (
			);
			name = PockemonV;
			productName = PockemonV;
			productReference = 235F14FA222A1D1400AAA788 /* PockemonV.app */;
			productType = "com.apple.product-type.application";
		};
/* End PBXNativeTarget section */

/* Begin PBXProject section */
		235F14F2222A1D1400AAA788 /* Project object */ = {
			isa = PBXProject;
			attributes = {
				LastSwiftUpdateCheck = 0900;
				LastUpgradeCheck = 0900;
				ORGANIZATIONNAME = LABMAC13;
				TargetAttributes = {
					235F14F9222A1D1400AAA788 = {
						CreatedOnToolsVersion = 9.0;
						ProvisioningStyle = Automatic;
					};
				};
			};
			buildConfigurationList = 235F14F5222A1D1400AAA788 /* Build configuration list for PBXProject "PockemonV" */;
			compatibilityVersion = "Xcode 8.0";
			developmentRegion = en;
			hasScannedForEncodings = 0;
			knownRegions = (
				en,
				Base,
			);
			mainGroup = 235F14F1222A1D1400AAA788;
			productRefGroup = 235F14FB222A1D1400AAA788 /* Products */;
			projectDirPath = "";
			projectRoot = "";
			targets = (
				235F14F9222A1D1400AAA788 /* PockemonV */,
			);
		};
/* End PBXProject section */

/* Begin PBXResourcesBuildPhase section */
		235F14F8222A1D1400AAA788 /* Resources */ = {
			isa = PBXResourcesBuildPhase;
			buildActionMask = 2147483647;
			files = (
				235F1508222A1D1500AAA788 /* LaunchScreen.storyboard in Resources */,
				235F1505222A1D1500AAA788 /* Assets.xcassets in Resources */,
				235F1503222A1D1500AAA788 /* Main.storyboard in Resources */,
			);
			runOnlyForDeploymentPostprocessing = 0;
		};
/* End PBXResourcesBuildPhase section */

/* Begin PBXShellScriptBuildPhase section */
		08991B1E5D84F5B23DE721A3 /* [CP] Copy Pods Resources */ = {
			isa = PBXShellScriptBuildPhase;
			buildActionMask = 2147483647;
			files = (
			);
			inputPaths = (
				"${PODS_ROOT}/Target Support Files/Pods-PockemonV/Pods-PockemonV-resources.sh",
				"${PODS_ROOT}/GoogleMaps/Maps/Frameworks/GoogleMaps.framework/Resources/GoogleMaps.bundle",
				"${PODS_ROOT}/GooglePlaces/Frameworks/GooglePlaces.framework/Resources/GooglePlaces.bundle",
			);
			name = "[CP] Copy Pods Resources";
			outputPaths = (
				"${TARGET_BUILD_DIR}/${UNLOCALIZED_RESOURCES_FOLDER_PATH}/GoogleMaps.bundle",
				"${TARGET_BUILD_DIR}/${UNLOCALIZED_RESOURCES_FOLDER_PATH}/GooglePlaces.bundle",
			);
			runOnlyForDeploymentPostprocessing = 0;
			shellPath = /bin/sh;
			shellScript = "\"${PODS_ROOT}/Target Support Files/Pods-PockemonV/Pods-PockemonV-resources.sh\"\n";
			showEnvVarsInLog = 0;
		};
		8E621D51BB5800CE81842C8E /* [CP] Check Pods Manifest.lock */ = {
			isa = PBXShellScriptBuildPhase;
			buildActionMask = 2147483647;
			files = (
			);
			inputPaths = (
				"${PODS_PODFILE_DIR_PATH}/Podfile.lock",
				"${PODS_ROOT}/Manifest.lock",
			);
			name = "[CP] Check Pods Manifest.lock";
			outputPaths = (
				"$(DERIVED_FILE_DIR)/Pods-PockemonV-checkManifestLockResult.txt",
			);
			runOnlyForDeploymentPostprocessing = 0;
			shellPath = /bin/sh;
			shellScript = "diff \"${PODS_PODFILE_DIR_PATH}/Podfile.lock\" \"${PODS_ROOT}/Manifest.lock\" > /dev/null\nif [ $? != 0 ] ; then\n    # print error to STDERR\n    echo \"error: The sandbox is not in sync with the Podfile.lock. Run 'pod install' or update your CocoaPods installation.\" >&2\n    exit 1\nfi\n# This output is used by Xcode 'outputs' to avoid re-running this script phase.\necho \"SUCCESS\" > \"${SCRIPT_OUTPUT_FILE_0}\"\n";
			showEnvVarsInLog = 0;
		};
/* End PBXShellScriptBuildPhase section */

/* Begin PBXSourcesBuildPhase section */
		235F14F6222A1D1400AAA788 /* Sources */ = {
			isa = PBXSourcesBuildPhase;
			buildActionMask = 2147483647;
			files = (
				235F1500222A1D1500AAA788 /* ViewController.swift in Sources */,
				235F14FE222A1D1500AAA788 /* AppDelegate.swift in Sources */,
				232ABA1A223351DC000B948F /* Pokemon.swift in Sources */,
			);
			runOnlyForDeploymentPostprocessing = 0;
		};
/* End PBXSourcesBuildPhase section */

/* Begin PBXVariantGroup section */
		235F1501222A1D1500AAA788 /* Main.storyboard */ = {
			isa = PBXVariantGroup;
			children = (
				235F1502222A1D1500AAA788 /* Base */,
			);
			name = Main.storyboard;
			sourceTree = "<group>";
		};
		235F1506222A1D1500AAA788 /* LaunchScreen.storyboard */ = {
			isa = PBXVariantGroup;
			children = (
				235F1507222A1D1500AAA788 /* Base */,
			);
			name = LaunchScreen.storyboard;
			sourceTree = "<group>";
		};
/* End PBXVariantGroup section */

/* Begin XCBuildConfiguration section */
		235F150A222A1D1500AAA788 /* Debug */ = {
			isa = XCBuildConfiguration;
			buildSettings = {
				ALWAYS_SEARCH_USER_PATHS = NO;
				CLANG_ANALYZER_NONNULL = YES;
				CLANG_ANALYZER_NUMBER_OBJECT_CONVERSION = YES_AGGRESSIVE;
				CLANG_CXX_LANGUAGE_STANDARD = "gnu++14";
				CLANG_CXX_LIBRARY = "libc++";
				CLANG_ENABLE_MODULES = YES;
				CLANG_ENABLE_OBJC_ARC = YES;
				CLANG_WARN_BLOCK_CAPTURE_AUTORELEASING = YES;
				CLANG_WARN_BOOL_CONVERSION = YES;
				CLANG_WARN_COMMA = YES;
				CLANG_WARN_CONSTANT_CONVERSION = YES;
				CLANG_WARN_DIRECT_OBJC_ISA_USAGE = YES_ERROR;
				CLANG_WARN_DOCUMENTATION_COMMENTS = YES;
				CLANG_WARN_EMPTY_BODY = YES;
				CLANG_WARN_ENUM_CONVERSION = YES;
				CLANG_WARN_INFINITE_RECURSION = YES;
				CLANG_WARN_INT_CONVERSION = YES;
				CLANG_WARN_NON_LITERAL_NULL_CONVERSION = YES;
				CLANG_WARN_OBJC_LITERAL_CONVERSION = YES;
				CLANG_WARN_OBJC_ROOT_CLASS = YES_ERROR;
				CLANG_WARN_RANGE_LOOP_ANALYSIS = YES;
				CLANG_WARN_STRICT_PROTOTYPES = YES;
				CLANG_WARN_SUSPICIOUS_MOVE = YES;
				CLANG_WARN_UNGUARDED_AVAILABILITY = YES_AGGRESSIVE;
				CLANG_WARN_UNREACHABLE_CODE = YES;
				CLANG_WARN__DUPLICATE_METHOD_MATCH = YES;
				CODE_SIGN_IDENTITY = "iPhone Developer";
				COPY_PHASE_STRIP = NO;
				DEBUG_INFORMATION_FORMAT = dwarf;
				ENABLE_STRICT_OBJC_MSGSEND = YES;
				ENABLE_TESTABILITY = YES;
				GCC_C_LANGUAGE_STANDARD = gnu11;
				GCC_DYNAMIC_NO_PIC = NO;
				GCC_NO_COMMON_BLOCKS = YES;
				GCC_OPTIMIZATION_LEVEL = 0;
				GCC_PREPROCESSOR_DEFINITIONS = (
					"DEBUG=1",
					"$(inherited)",
				);
				GCC_WARN_64_TO_32_BIT_CONVERSION = YES;
				GCC_WARN_ABOUT_RETURN_TYPE = YES_ERROR;
				GCC_WARN_UNDECLARED_SELECTOR = YES;
				GCC_WARN_UNINITIALIZED_AUTOS = YES_AGGRESSIVE;
				GCC_WARN_UNUSED_FUNCTION = YES;
				GCC_WARN_UNUSED_VARIABLE = YES;
				IPHONEOS_DEPLOYMENT_TARGET = 11.0;
				MTL_ENABLE_DEBUG_INFO = YES;
				ONLY_ACTIVE_ARCH = YES;
				SDKROOT = iphoneos;
				SWIFT_ACTIVE_COMPILATION_CONDITIONS = DEBUG;
				SWIFT_OPTIMIZATION_LEVEL = "-Onone";
			};
			name = Debug;
		};
		235F150B222A1D1500AAA788 /* Release */ = {
			isa = XCBuildConfiguration;
			buildSettings = {
				ALWAYS_SEARCH_USER_PATHS = NO;
				CLANG_ANALYZER_NONNULL = YES;
				CLANG_ANALYZER_NUMBER_OBJECT_CONVERSION = YES_AGGRESSIVE;
				CLANG_CXX_LANGUAGE_STANDARD = "gnu++14";
				CLANG_CXX_LIBRARY = "libc++";
				CLANG_ENABLE_MODULES = YES;
				CLANG_ENABLE_OBJC_ARC = YES;
				CLANG_WARN_BLOCK_CAPTURE_AUTORELEASING = YES;
				CLANG_WARN_BOOL_CONVERSION = YES;
				CLANG_WARN_COMMA = YES;
				CLANG_WARN_CONSTANT_CONVERSION = YES;
				CLANG_WARN_DIRECT_OBJC_ISA_USAGE = YES_ERROR;
				CLANG_WARN_DOCUMENTATION_COMMENTS = YES;
				CLANG_WARN_EMPTY_BODY = YES;
				CLANG_WARN_ENUM_CONVERSION = YES;
				CLANG_WARN_INFINITE_RECURSION = YES;
				CLANG_WARN_INT_CONVERSION = YES;
				CLANG_WARN_NON_LITERAL_NULL_CONVERSION = YES;
				CLANG_WARN_OBJC_LITERAL_CONVERSION = YES;
				CLANG_WARN_OBJC_ROOT_CLASS = YES_ERROR;
				CLANG_WARN_RANGE_LOOP_ANALYSIS = YES;
				CLANG_WARN_STRICT_PROTOTYPES = YES;
				CLANG_WARN_SUSPICIOUS_MOVE = YES;
				CLANG_WARN_UNGUARDED_AVAILABILITY = YES_AGGRESSIVE;
				CLANG_WARN_UNREACHABLE_CODE = YES;
				CLANG_WARN__DUPLICATE_METHOD_MATCH = YES;
				CODE_SIGN_IDENTITY = "iPhone Developer";
				COPY_PHASE_STRIP = NO;
				DEBUG_INFORMATION_FORMAT = "dwarf-with-dsym";
				ENABLE_NS_ASSERTIONS = NO;
				ENABLE_STRICT_OBJC_MSGSEND = YES;
				GCC_C_LANGUAGE_STANDARD = gnu11;
				GCC_NO_COMMON_BLOCKS = YES;
				GCC_WARN_64_TO_32_BIT_CONVERSION = YES;
				GCC_WARN_ABOUT_RETURN_TYPE = YES_ERROR;
				GCC_WARN_UNDECLARED_SELECTOR = YES;
				GCC_WARN_UNINITIALIZED_AUTOS = YES_AGGRESSIVE;
				GCC_WARN_UNUSED_FUNCTION = YES;
				GCC_WARN_UNUSED_VARIABLE = YES;
				IPHONEOS_DEPLOYMENT_TARGET = 11.0;
				MTL_ENABLE_DEBUG_INFO = NO;
				SDKROOT = iphoneos;
				SWIFT_OPTIMIZATION_LEVEL = "-Owholemodule";
				VALIDATE_PRODUCT = YES;
			};
			name = Release;
		};
		235F150D222A1D1500AAA788 /* Debug */ = {
			isa = XCBuildConfiguration;
			baseConfigurationReference = 0FDFCE683307F48E0EE9CBEB /* Pods-PockemonV.debug.xcconfig */;
			buildSettings = {
				ASSETCATALOG_COMPILER_APPICON_NAME = AppIcon;
				CODE_SIGN_STYLE = Automatic;
				INFOPLIST_FILE = PockemonV/Info.plist;
				LD_RUNPATH_SEARCH_PATHS = "$(inherited) @executable_path/Frameworks";
				PRODUCT_BUNDLE_IDENTIFIER = mx.edu.utng.PockemonV;
				PRODUCT_NAME = "$(TARGET_NAME)";
				SWIFT_VERSION = 4.0;
				TARGETED_DEVICE_FAMILY = "1,2";
			};
			name = Debug;
		};
		235F150E222A1D1500AAA788 /* Release */ = {
			isa = XCBuildConfiguration;
			baseConfigurationReference = 770829A526D48C0C8B7080B6 /* Pods-PockemonV.release.xcconfig */;
			buildSettings = {
				ASSETCATALOG_COMPILER_APPICON_NAME = AppIcon;
				CODE_SIGN_STYLE = Automatic;
				INFOPLIST_FILE = PockemonV/Info.plist;
				LD_RUNPATH_SEARCH_PATHS = "$(inherited) @executable_path/Frameworks";
				PRODUCT_BUNDLE_IDENTIFIER = mx.edu.utng.PockemonV;
				PRODUCT_NAME = "$(TARGET_NAME)";
				SWIFT_VERSION = 4.0;
				TARGETED_DEVICE_FAMILY = "1,2";
			};
			name = Release;
		};
/* End XCBuildConfiguration section */

/* Begin XCConfigurationList section */
		235F14F5222A1D1400AAA788 /* Build configuration list for PBXProject "PockemonV" */ = {
			isa = XCConfigurationList;
			buildConfigurations = (
				235F150A222A1D1500AAA788 /* Debug */,
				235F150B222A1D1500AAA788 /* Release */,
			);
			defaultConfigurationIsVisible = 0;
			defaultConfigurationName = Release;
		};
		235F150C222A1D1500AAA788 /* Build configuration list for PBXNativeTarget "PockemonV" */ = {
			isa = XCConfigurationList;
			buildConfigurations = (
				235F150D222A1D1500AAA788 /* Debug */,
				235F150E222A1D1500AAA788 /* Release */,
			);
			defaultConfigurationIsVisible = 0;
			defaultConfigurationName = Release;
		};
/* End XCConfigurationList section */
	};
	rootObject = 235F14F2222A1D1400AAA788 /* Project object */;
}
